
Microsoft Visual Studio Solution File, Format Version 12.00
Project("{2150E333-8FDC-42A3-9474-1A3956D46DE8}") = "src", "src", "{19C9935B-C4B6-4D2F-92E6-F369E1E97B5C}"
EndProject
Project("{2150E333-8FDC-42A3-9474-1A3956D46DE8}") = "Core", "Core", "{08E7F6FD-B675-4335-97C4-330EE75BDD4F}"
EndProject
Project("{FAE04EC0-301F-11D3-BF4B-00C04F79EFBC}") = "OnionStarter.Domain", "OnionStarter.Domain\OnionStarter.Domain.csproj", "{FCD82A1E-F4A3-4BB9-89DB-658CE20F9CC1}"
EndProject
Project("{FAE04EC0-301F-11D3-BF4B-00C04F79EFBC}") = "OnionStarter.Application", "OnionStarter.Application\OnionStarter.Application.csproj", "{590C245F-6115-4EB9-85FB-5AE5AA4EDE01}"
EndProject
Project("{2150E333-8FDC-42A3-9474-1A3956D46DE8}") = "Infrastructure", "Infrastructure", "{541D3F3B-E4FB-4772-86A1-9406F4636778}"
EndProject
Project("{FAE04EC0-301F-11D3-BF4B-00C04F79EFBC}") = "OnionStarter.Persistence", "OnionStarter.Persistence\OnionStarter.Persistence.csproj", "{233078C4-00F7-480A-B5FB-16F66340D8FD}"
EndProject
Project("{FAE04EC0-301F-11D3-BF4B-00C04F79EFBC}") = "OnionStarter.Infrastructure", "OnionStarter.Infrastructure\OnionStarter.Infrastructure.csproj", "{A42A0EE0-79D1-48AA-BE8B-C84EB75C6898}"
EndProject
Project("{2150E333-8FDC-42A3-9474-1A3956D46DE8}") = "Presentation", "Presentation", "{4045B1B7-EECC-4740-98D1-E4A205057635}"
EndProject
Project("{FAE04EC0-301F-11D3-BF4B-00C04F79EFBC}") = "OnionStarter.WebAPI", "OnionStarter.WebAPI\OnionStarter.WebAPI.csproj", "{58B7E9E2-B2F6-4A98-9403-71D0F277E151}"
EndProject
Global
	GlobalSection(SolutionConfigurationPlatforms) = preSolution
		Debug|Any CPU = Debug|Any CPU
		Release|Any CPU = Release|Any CPU
	EndGlobalSection
	GlobalSection(NestedProjects) = preSolution
		{08E7F6FD-B675-4335-97C4-330EE75BDD4F} = {19C9935B-C4B6-4D2F-92E6-F369E1E97B5C}
		{FCD82A1E-F4A3-4BB9-89DB-658CE20F9CC1} = {08E7F6FD-B675-4335-97C4-330EE75BDD4F}
		{590C245F-6115-4EB9-85FB-5AE5AA4EDE01} = {08E7F6FD-B675-4335-97C4-330EE75BDD4F}
		{541D3F3B-E4FB-4772-86A1-9406F4636778} = {19C9935B-C4B6-4D2F-92E6-F369E1E97B5C}
		{233078C4-00F7-480A-B5FB-16F66340D8FD} = {541D3F3B-E4FB-4772-86A1-9406F4636778}
		{A42A0EE0-79D1-48AA-BE8B-C84EB75C6898} = {541D3F3B-E4FB-4772-86A1-9406F4636778}
		{4045B1B7-EECC-4740-98D1-E4A205057635} = {19C9935B-C4B6-4D2F-92E6-F369E1E97B5C}
		{58B7E9E2-B2F6-4A98-9403-71D0F277E151} = {4045B1B7-EECC-4740-98D1-E4A205057635}
	EndGlobalSection
	GlobalSection(ProjectConfigurationPlatforms) = postSolution
		{FCD82A1E-F4A3-4BB9-89DB-658CE20F9CC1}.Debug|Any CPU.ActiveCfg = Debug|Any CPU
		{FCD82A1E-F4A3-4BB9-89DB-658CE20F9CC1}.Debug|Any CPU.Build.0 = Debug|Any CPU
		{FCD82A1E-F4A3-4BB9-89DB-658CE20F9CC1}.Release|Any CPU.ActiveCfg = Release|Any CPU
		{FCD82A1E-F4A3-4BB9-89DB-658CE20F9CC1}.Release|Any CPU.Build.0 = Release|Any CPU
		{590C245F-6115-4EB9-85FB-5AE5AA4EDE01}.Debug|Any CPU.ActiveCfg = Debug|Any CPU
		{590C245F-6115-4EB9-85FB-5AE5AA4EDE01}.Debug|Any CPU.Build.0 = Debug|Any CPU
		{590C245F-6115-4EB9-85FB-5AE5AA4EDE01}.Release|Any CPU.ActiveCfg = Release|Any CPU
		{590C245F-6115-4EB9-85FB-5AE5AA4EDE01}.Release|Any CPU.Build.0 = Release|Any CPU
		{233078C4-00F7-480A-B5FB-16F66340D8FD}.Debug|Any CPU.ActiveCfg = Debug|Any CPU
		{233078C4-00F7-480A-B5FB-16F66340D8FD}.Debug|Any CPU.Build.0 = Debug|Any CPU
		{233078C4-00F7-480A-B5FB-16F66340D8FD}.Release|Any CPU.ActiveCfg = Release|Any CPU
		{233078C4-00F7-480A-B5FB-16F66340D8FD}.Release|Any CPU.Build.0 = Release|Any CPU
		{A42A0EE0-79D1-48AA-BE8B-C84EB75C6898}.Debug|Any CPU.ActiveCfg = Debug|Any CPU
		{A42A0EE0-79D1-48AA-BE8B-C84EB75C6898}.Debug|Any CPU.Build.0 = Debug|Any CPU
		{A42A0EE0-79D1-48AA-BE8B-C84EB75C6898}.Release|Any CPU.ActiveCfg = Release|Any CPU
		{A42A0EE0-79D1-48AA-BE8B-C84EB75C6898}.Release|Any CPU.Build.0 = Release|Any CPU
		{58B7E9E2-B2F6-4A98-9403-71D0F277E151}.Debug|Any CPU.ActiveCfg = Debug|Any CPU
		{58B7E9E2-B2F6-4A98-9403-71D0F277E151}.Debug|Any CPU.Build.0 = Debug|Any CPU
		{58B7E9E2-B2F6-4A98-9403-71D0F277E151}.Release|Any CPU.ActiveCfg = Release|Any CPU
		{58B7E9E2-B2F6-4A98-9403-71D0F277E151}.Release|Any CPU.Build.0 = Release|Any CPU
	EndGlobalSection
EndGlobal
